{
  "object": {
    "pins": [
      {
        "package": "KSCrash",
        "repositoryURL": "git@github.com:nacho4d/KSCrash.git",
        "state": {
          "branch": "master",
          "revision": "301172cc43f0f588d78382585423cdbf8c0222d7",
          "version": null
        }
      }
    ]
  },
  "version": 1
}
